
Microsoft Visual Studio Solution File, Format Version 12.00
# Visual Studio Version 16
VisualStudioVersion = 16.0.28917.181
MinimumVisualStudioVersion = 10.0.40219.1
Project("{FAE04EC0-301F-11D3-BF4B-00C04F79EFBC}") = "lab_28", "lab_28\lab_28.csproj", "{2F114E51-A165-423C-B7AA-A8F5BFB6700C}"
EndProject
Global
	GlobalSection(SolutionConfigurationPlatforms) = preSolution
		Debug|Any CPU = Debug|Any CPU
		Release|Any CPU = Release|Any CPU
	EndGlobalSection
	GlobalSection(ProjectConfigurationPlatforms) = postSolution
		{2F114E51-A165-423C-B7AA-A8F5BFB6700C}.Debug|Any CPU.ActiveCfg = Debug|Any CPU
		{2F114E51-A165-423C-B7AA-A8F5BFB6700C}.Debug|Any CPU.Build.0 = Debug|Any CPU
		{2F114E51-A165-423C-B7AA-A8F5BFB6700C}.Release|Any CPU.ActiveCfg = Release|Any CPU
		{2F114E51-A165-423C-B7AA-A8F5BFB6700C}.Release|Any CPU.Build.0 = Release|Any CPU
	EndGlobalSection
	GlobalSection(SolutionProperties) = preSolution
		HideSolutionNode = FALSE
	EndGlobalSection
	GlobalSection(ExtensibilityGlobals) = postSolution
		SolutionGuid = {BE2FE88A-FC9B-4730-8E90-AF8E75D3F8CC}
	EndGlobalSection
EndGlobal
